
Microsoft Visual Studio Solution File, Format Version 12.00
# Visual Studio Version 17
VisualStudioVersion = 17.1.32210.238
MinimumVisualStudioVersion = 10.0.40219.1
Project("{FAE04EC0-301F-11D3-BF4B-00C04F79EFBC}") = "DataCollection", "DataCollection.csproj", "{8E9617B5-BED3-46B8-A00D-973FF6B31473}"
EndProject
Global
	GlobalSection(SolutionConfigurationPlatforms) = preSolution
		Debug|Any CPU = Debug|Any CPU
		Release|Any CPU = Release|Any CPU
	EndGlobalSection
	GlobalSection(ProjectConfigurationPlatforms) = postSolution
		{8E9617B5-BED3-46B8-A00D-973FF6B31473}.Debug|Any CPU.ActiveCfg = Debug|Any CPU
		{8E9617B5-BED3-46B8-A00D-973FF6B31473}.Debug|Any CPU.Build.0 = Debug|Any CPU
		{8E9617B5-BED3-46B8-A00D-973FF6B31473}.Release|Any CPU.ActiveCfg = Release|Any CPU
		{8E9617B5-BED3-46B8-A00D-973FF6B31473}.Release|Any CPU.Build.0 = Release|Any CPU
	EndGlobalSection
	GlobalSection(SolutionProperties) = preSolution
		HideSolutionNode = FALSE
	EndGlobalSection
	GlobalSection(ExtensibilityGlobals) = postSolution
		SolutionGuid = {D66F2784-AB78-4A3F-AA2D-BD3932F69336}
	EndGlobalSection
EndGlobal
